
Microsoft Visual Studio Solution File, Format Version 12.00
# Visual Studio 14
VisualStudioVersion = 14.0.25420.1
MinimumVisualStudioVersion = 10.0.40219.1
Project("{FAE04EC0-301F-11D3-BF4B-00C04F79EFBC}") = "BlankReceipt", "BlankReceipt\BlankReceipt.csproj", "{699D4512-DB87-4452-9C25-8A0CD25D4885}"
EndProject
Project("{FAE04EC0-301F-11D3-BF4B-00C04F79EFBC}") = "SignOfInteger", "SignOfInteger\SignOfInteger.csproj", "{0CDAF5CF-D230-4C72-96C8-DFD80A2A68A8}"
EndProject
Project("{FAE04EC0-301F-11D3-BF4B-00C04F79EFBC}") = "PrintingTriangle", "PrintingTriangle\PrintingTriangle.csproj", "{43C8038D-FE7A-4A9F-B14B-8D34C18AA013}"
EndProject
Project("{FAE04EC0-301F-11D3-BF4B-00C04F79EFBC}") = "FilledSquare", "FilledSquare\FilledSquare.csproj", "{DCC1AE1D-20F9-44E2-A8E0-15985928D7E0}"
EndProject
Project("{FAE04EC0-301F-11D3-BF4B-00C04F79EFBC}") = "TriangleArea", "TriangleArea\TriangleArea.csproj", "{3A816A03-13CA-4C62-A40A-91EFB0E6C599}"
EndProject
Project("{FAE04EC0-301F-11D3-BF4B-00C04F79EFBC}") = "MathPower", "MathPower\MathPower.csproj", "{CB416C9A-EF20-4D87-A446-FD5DD4BE8E42}"
EndProject
Project("{FAE04EC0-301F-11D3-BF4B-00C04F79EFBC}") = "GreaterOfTwto", "GreaterOfTwto\GreaterOfTwto.csproj", "{643279C5-9554-4F5B-A279-318F0684B35E}"
EndProject
Global
	GlobalSection(SolutionConfigurationPlatforms) = preSolution
		Debug|Any CPU = Debug|Any CPU
		Release|Any CPU = Release|Any CPU
	EndGlobalSection
	GlobalSection(ProjectConfigurationPlatforms) = postSolution
		{699D4512-DB87-4452-9C25-8A0CD25D4885}.Debug|Any CPU.ActiveCfg = Debug|Any CPU
		{699D4512-DB87-4452-9C25-8A0CD25D4885}.Debug|Any CPU.Build.0 = Debug|Any CPU
		{699D4512-DB87-4452-9C25-8A0CD25D4885}.Release|Any CPU.ActiveCfg = Release|Any CPU
		{699D4512-DB87-4452-9C25-8A0CD25D4885}.Release|Any CPU.Build.0 = Release|Any CPU
		{0CDAF5CF-D230-4C72-96C8-DFD80A2A68A8}.Debug|Any CPU.ActiveCfg = Debug|Any CPU
		{0CDAF5CF-D230-4C72-96C8-DFD80A2A68A8}.Debug|Any CPU.Build.0 = Debug|Any CPU
		{0CDAF5CF-D230-4C72-96C8-DFD80A2A68A8}.Release|Any CPU.ActiveCfg = Release|Any CPU
		{0CDAF5CF-D230-4C72-96C8-DFD80A2A68A8}.Release|Any CPU.Build.0 = Release|Any CPU
		{43C8038D-FE7A-4A9F-B14B-8D34C18AA013}.Debug|Any CPU.ActiveCfg = Debug|Any CPU
		{43C8038D-FE7A-4A9F-B14B-8D34C18AA013}.Debug|Any CPU.Build.0 = Debug|Any CPU
		{43C8038D-FE7A-4A9F-B14B-8D34C18AA013}.Release|Any CPU.ActiveCfg = Release|Any CPU
		{43C8038D-FE7A-4A9F-B14B-8D34C18AA013}.Release|Any CPU.Build.0 = Release|Any CPU
		{DCC1AE1D-20F9-44E2-A8E0-15985928D7E0}.Debug|Any CPU.ActiveCfg = Debug|Any CPU
		{DCC1AE1D-20F9-44E2-A8E0-15985928D7E0}.Debug|Any CPU.Build.0 = Debug|Any CPU
		{DCC1AE1D-20F9-44E2-A8E0-15985928D7E0}.Release|Any CPU.ActiveCfg = Release|Any CPU
		{DCC1AE1D-20F9-44E2-A8E0-15985928D7E0}.Release|Any CPU.Build.0 = Release|Any CPU
		{3A816A03-13CA-4C62-A40A-91EFB0E6C599}.Debug|Any CPU.ActiveCfg = Debug|Any CPU
		{3A816A03-13CA-4C62-A40A-91EFB0E6C599}.Debug|Any CPU.Build.0 = Debug|Any CPU
		{3A816A03-13CA-4C62-A40A-91EFB0E6C599}.Release|Any CPU.ActiveCfg = Release|Any CPU
		{3A816A03-13CA-4C62-A40A-91EFB0E6C599}.Release|Any CPU.Build.0 = Release|Any CPU
		{CB416C9A-EF20-4D87-A446-FD5DD4BE8E42}.Debug|Any CPU.ActiveCfg = Debug|Any CPU
		{CB416C9A-EF20-4D87-A446-FD5DD4BE8E42}.Debug|Any CPU.Build.0 = Debug|Any CPU
		{CB416C9A-EF20-4D87-A446-FD5DD4BE8E42}.Release|Any CPU.ActiveCfg = Release|Any CPU
		{CB416C9A-EF20-4D87-A446-FD5DD4BE8E42}.Release|Any CPU.Build.0 = Release|Any CPU
		{643279C5-9554-4F5B-A279-318F0684B35E}.Debug|Any CPU.ActiveCfg = Debug|Any CPU
		{643279C5-9554-4F5B-A279-318F0684B35E}.Debug|Any CPU.Build.0 = Debug|Any CPU
		{643279C5-9554-4F5B-A279-318F0684B35E}.Release|Any CPU.ActiveCfg = Release|Any CPU
		{643279C5-9554-4F5B-A279-318F0684B35E}.Release|Any CPU.Build.0 = Release|Any CPU
	EndGlobalSection
	GlobalSection(SolutionProperties) = preSolution
		HideSolutionNode = FALSE
	EndGlobalSection
EndGlobal
